
Microsoft Visual Studio Solution File, Format Version 12.00
# Visual Studio Version 17
VisualStudioVersion = 17.8.34330.188
MinimumVisualStudioVersion = 10.0.40219.1
Project("{FAE04EC0-301F-11D3-BF4B-00C04F79EFBC}") = "Product_Management", "Product_Management\Product_Management.csproj", "{498FF019-6989-440B-9D77-BAEBEDA10921}"
EndProject
Global
	GlobalSection(SolutionConfigurationPlatforms) = preSolution
		Debug|Any CPU = Debug|Any CPU
		Release|Any CPU = Release|Any CPU
	EndGlobalSection
	GlobalSection(ProjectConfigurationPlatforms) = postSolution
		{498FF019-6989-440B-9D77-BAEBEDA10921}.Debug|Any CPU.ActiveCfg = Debug|Any CPU
		{498FF019-6989-440B-9D77-BAEBEDA10921}.Debug|Any CPU.Build.0 = Debug|Any CPU
		{498FF019-6989-440B-9D77-BAEBEDA10921}.Release|Any CPU.ActiveCfg = Release|Any CPU
		{498FF019-6989-440B-9D77-BAEBEDA10921}.Release|Any CPU.Build.0 = Release|Any CPU
	EndGlobalSection
	GlobalSection(SolutionProperties) = preSolution
		HideSolutionNode = FALSE
	EndGlobalSection
	GlobalSection(ExtensibilityGlobals) = postSolution
		SolutionGuid = {94C2AFFB-68EE-431E-BFC6-E1C8C9290C10}
	EndGlobalSection
EndGlobal
